
Microsoft Visual Studio Solution File, Format Version 12.00
# Visual Studio Version 17
VisualStudioVersion = 17.0.31903.59
MinimumVisualStudioVersion = 10.0.40219.1
Project("{FAE04EC0-301F-11D3-BF4B-00C04F79EFBC}") = "RotarySpoon.API", "RotarySpoon.API\RotarySpoon.API.csproj", "{93E1B598-FBC8-44F0-9F95-EC1D65C081B2}"
EndProject
Project("{FAE04EC0-301F-11D3-BF4B-00C04F79EFBC}") = "RotarySpoon.DataAccess", "RotarySpoon.DataAccess\RotarySpoon.DataAccess.csproj", "{2E008FDB-C620-4721-AA2B-AF5F54619A19}"
EndProject
Global
	GlobalSection(SolutionConfigurationPlatforms) = preSolution
		Debug|Any CPU = Debug|Any CPU
		Release|Any CPU = Release|Any CPU
	EndGlobalSection
	GlobalSection(SolutionProperties) = preSolution
		HideSolutionNode = FALSE
	EndGlobalSection
	GlobalSection(ProjectConfigurationPlatforms) = postSolution
		{93E1B598-FBC8-44F0-9F95-EC1D65C081B2}.Debug|Any CPU.ActiveCfg = Debug|Any CPU
		{93E1B598-FBC8-44F0-9F95-EC1D65C081B2}.Debug|Any CPU.Build.0 = Debug|Any CPU
		{93E1B598-FBC8-44F0-9F95-EC1D65C081B2}.Release|Any CPU.ActiveCfg = Release|Any CPU
		{93E1B598-FBC8-44F0-9F95-EC1D65C081B2}.Release|Any CPU.Build.0 = Release|Any CPU
		{2E008FDB-C620-4721-AA2B-AF5F54619A19}.Debug|Any CPU.ActiveCfg = Debug|Any CPU
		{2E008FDB-C620-4721-AA2B-AF5F54619A19}.Debug|Any CPU.Build.0 = Debug|Any CPU
		{2E008FDB-C620-4721-AA2B-AF5F54619A19}.Release|Any CPU.ActiveCfg = Release|Any CPU
		{2E008FDB-C620-4721-AA2B-AF5F54619A19}.Release|Any CPU.Build.0 = Release|Any CPU
	EndGlobalSection
EndGlobal
